
Microsoft Visual Studio Solution File, Format Version 12.00
# Visual Studio Version 17
VisualStudioVersion = 17.0.32112.339
MinimumVisualStudioVersion = 10.0.40219.1
Project("{9A19103F-16F7-4668-BE54-9A1E7A4F7556}") = "BeatLeader-Server", "BeatLeader-Server.csproj", "{F55CEF0D-5EC5-49A9-8525-484E7EEF7102}"
EndProject
Project("{9A19103F-16F7-4668-BE54-9A1E7A4F7556}") = "BeatLeader-Server-Sockets", "BeatLeader-Server-Sockets\BeatLeader-Server-Sockets.csproj", "{54363C81-2307-465E-93FE-150CD3515B34}"
EndProject
Project("{9A19103F-16F7-4668-BE54-9A1E7A4F7556}") = "Models", "beatleader-server-models\Models.csproj", "{586B24CD-F7A3-4C8E-A753-B3AC52A02DAA}"
EndProject
Project("{9A19103F-16F7-4668-BE54-9A1E7A4F7556}") = "Parser", "beatleader-parser\beatleader-parser\Parser.csproj", "{0E9624AC-1C17-4762-8995-394DDC5C5C30}"
EndProject
Global
	GlobalSection(SolutionConfigurationPlatforms) = preSolution
		Debug|Any CPU = Debug|Any CPU
		Release|Any CPU = Release|Any CPU
	EndGlobalSection
	GlobalSection(ProjectConfigurationPlatforms) = postSolution
		{F55CEF0D-5EC5-49A9-8525-484E7EEF7102}.Debug|Any CPU.ActiveCfg = Debug|Any CPU
		{F55CEF0D-5EC5-49A9-8525-484E7EEF7102}.Debug|Any CPU.Build.0 = Debug|Any CPU
		{F55CEF0D-5EC5-49A9-8525-484E7EEF7102}.Release|Any CPU.ActiveCfg = Release|Any CPU
		{F55CEF0D-5EC5-49A9-8525-484E7EEF7102}.Release|Any CPU.Build.0 = Release|Any CPU
		{54363C81-2307-465E-93FE-150CD3515B34}.Debug|Any CPU.ActiveCfg = Debug|Any CPU
		{54363C81-2307-465E-93FE-150CD3515B34}.Debug|Any CPU.Build.0 = Debug|Any CPU
		{54363C81-2307-465E-93FE-150CD3515B34}.Release|Any CPU.ActiveCfg = Release|Any CPU
		{54363C81-2307-465E-93FE-150CD3515B34}.Release|Any CPU.Build.0 = Release|Any CPU
		{586B24CD-F7A3-4C8E-A753-B3AC52A02DAA}.Debug|Any CPU.ActiveCfg = Debug|Any CPU
		{586B24CD-F7A3-4C8E-A753-B3AC52A02DAA}.Debug|Any CPU.Build.0 = Debug|Any CPU
		{586B24CD-F7A3-4C8E-A753-B3AC52A02DAA}.Release|Any CPU.ActiveCfg = Release|Any CPU
		{586B24CD-F7A3-4C8E-A753-B3AC52A02DAA}.Release|Any CPU.Build.0 = Release|Any CPU
		{0E9624AC-1C17-4762-8995-394DDC5C5C30}.Debug|Any CPU.ActiveCfg = Debug|Any CPU
		{0E9624AC-1C17-4762-8995-394DDC5C5C30}.Debug|Any CPU.Build.0 = Debug|Any CPU
		{0E9624AC-1C17-4762-8995-394DDC5C5C30}.Release|Any CPU.ActiveCfg = Release|Any CPU
		{0E9624AC-1C17-4762-8995-394DDC5C5C30}.Release|Any CPU.Build.0 = Release|Any CPU
	EndGlobalSection
	GlobalSection(SolutionProperties) = preSolution
		HideSolutionNode = FALSE
	EndGlobalSection
	GlobalSection(ExtensibilityGlobals) = postSolution
		SolutionGuid = {C74715B7-125E-4920-A1C0-038823EC7391}
	EndGlobalSection
EndGlobal
