
Microsoft Visual Studio Solution File, Format Version 12.00
# Visual Studio Version 17
VisualStudioVersion = 17.0.32112.339
MinimumVisualStudioVersion = 10.0.40219.1
Project("{9A19103F-16F7-4668-BE54-9A1E7A4F7556}") = "BeatLeader-Server", "BeatLeader-Server.csproj", "{F55CEF0D-5EC5-49A9-8525-484E7EEF7102}"
EndProject
Project("{9A19103F-16F7-4668-BE54-9A1E7A4F7556}") = "ReplayDecoder", "ReplayDecoder\ReplayDecoder\ReplayDecoder.csproj", "{1B42AF62-E921-4DEF-B88D-2872AB0BC904}"
EndProject
Project("{FAE04EC0-301F-11D3-BF4B-00C04F79EFBC}") = "BeatLeader-Server-Sockets", "BeatLeader-Server-Sockets\BeatLeader-Server-Sockets.csproj", "{54363C81-2307-465E-93FE-150CD3515B34}"
EndProject
Global
	GlobalSection(SolutionConfigurationPlatforms) = preSolution
		Debug|Any CPU = Debug|Any CPU
		Release|Any CPU = Release|Any CPU
	EndGlobalSection
	GlobalSection(ProjectConfigurationPlatforms) = postSolution
		{F55CEF0D-5EC5-49A9-8525-484E7EEF7102}.Debug|Any CPU.ActiveCfg = Debug|Any CPU
		{F55CEF0D-5EC5-49A9-8525-484E7EEF7102}.Debug|Any CPU.Build.0 = Debug|Any CPU
		{F55CEF0D-5EC5-49A9-8525-484E7EEF7102}.Release|Any CPU.ActiveCfg = Release|Any CPU
		{F55CEF0D-5EC5-49A9-8525-484E7EEF7102}.Release|Any CPU.Build.0 = Release|Any CPU
		{1B42AF62-E921-4DEF-B88D-2872AB0BC904}.Debug|Any CPU.ActiveCfg = Debug|Any CPU
		{1B42AF62-E921-4DEF-B88D-2872AB0BC904}.Debug|Any CPU.Build.0 = Debug|Any CPU
		{1B42AF62-E921-4DEF-B88D-2872AB0BC904}.Release|Any CPU.ActiveCfg = Release|Any CPU
		{1B42AF62-E921-4DEF-B88D-2872AB0BC904}.Release|Any CPU.Build.0 = Release|Any CPU
		{54363C81-2307-465E-93FE-150CD3515B34}.Debug|Any CPU.ActiveCfg = Debug|Any CPU
		{54363C81-2307-465E-93FE-150CD3515B34}.Debug|Any CPU.Build.0 = Debug|Any CPU
		{54363C81-2307-465E-93FE-150CD3515B34}.Release|Any CPU.ActiveCfg = Release|Any CPU
		{54363C81-2307-465E-93FE-150CD3515B34}.Release|Any CPU.Build.0 = Release|Any CPU
	EndGlobalSection
	GlobalSection(SolutionProperties) = preSolution
		HideSolutionNode = FALSE
	EndGlobalSection
	GlobalSection(ExtensibilityGlobals) = postSolution
		SolutionGuid = {C74715B7-125E-4920-A1C0-038823EC7391}
	EndGlobalSection
EndGlobal
